
Microsoft Visual Studio Solution File, Format Version 12.00
# Visual Studio Version 16
VisualStudioVersion = 16.0.29613.14
MinimumVisualStudioVersion = 10.0.40219.1
Project("{FAE04EC0-301F-11D3-BF4B-00C04F79EFBC}") = "WebApplication1", "WebApplication1\WebApplication1.csproj", "{95B57908-C596-45DF-8FFD-7569B46CABAA}"
EndProject
Global
	GlobalSection(SolutionConfigurationPlatforms) = preSolution
		Debug|Any CPU = Debug|Any CPU
		Release|Any CPU = Release|Any CPU
	EndGlobalSection
	GlobalSection(ProjectConfigurationPlatforms) = postSolution
		{95B57908-C596-45DF-8FFD-7569B46CABAA}.Debug|Any CPU.ActiveCfg = Debug|Any CPU
		{95B57908-C596-45DF-8FFD-7569B46CABAA}.Debug|Any CPU.Build.0 = Debug|Any CPU
		{95B57908-C596-45DF-8FFD-7569B46CABAA}.Release|Any CPU.ActiveCfg = Release|Any CPU
		{95B57908-C596-45DF-8FFD-7569B46CABAA}.Release|Any CPU.Build.0 = Release|Any CPU
	EndGlobalSection
	GlobalSection(SolutionProperties) = preSolution
		HideSolutionNode = FALSE
	EndGlobalSection
	GlobalSection(ExtensibilityGlobals) = postSolution
		SolutionGuid = {AB7C00B2-B499-4FC6-91B6-35052EC47FA6}
	EndGlobalSection
EndGlobal
